// !$*UTF8*$!
{
	archiveVersion = 1;
	classes = {
	};
	objectVersion = 56;
	objects = {

/* Begin PBXBuildFile section */
		BA0000012B000001001BA000 /* BambuAgentApp.swift in Sources */ = {isa = PBXBuildFile; fileRef = BA0000002B000001001BA000 /* BambuAgentApp.swift */; };
		BA000001A2B000002001BA000 /* PrinterStatusView.swift in Sources */ = {isa = PBXBuildFile; fileRef = BA0000192B000002001BA000 /* PrinterStatusView.swift */; };
		BA000001C2B000002001BA000 /* SettingsView.swift in Sources */ = {isa = PBXBuildFile; fileRef = BA000001B2B000002001BA000 /* SettingsView.swift */; };
		BA000001E2B000002001BA000 /* PrintJobModel.swift in Sources */ = {isa = PBXBuildFile; fileRef = BA000001D2B000002001BA000 /* PrintJobModel.swift */; };
		BA0000032B000001001BA000 /* ContentView.swift in Sources */ = {isa = PBXBuildFile; fileRef = BA0000022B000001001BA000 /* ContentView.swift */; };
		BA0000052B000001001BA000 /* Assets.xcassets in Resources */ = {isa = PBXBuildFile; fileRef = BA0000042B000001001BA000 /* Assets.xcassets */; };
		BA0000082B000001001BA000 /* Preview Assets.xcassets in Resources */ = {isa = PBXBuildFile; fileRef = BA0000072B000001001BA000 /* Preview Assets.xcassets */; };
		BA0000102B000002001BA000 /* APIService.swift in Sources */ = {isa = PBXBuildFile; fileRef = BA000000F2B000002001BA000 /* APIService.swift */; };
		BA0000122B000002001BA000 /* PrinterManager.swift in Sources */ = {isa = PBXBuildFile; fileRef = BA0000112B000002001BA000 /* PrinterManager.swift */; };
		BA0000142B000002001BA000 /* WiFiManager.swift in Sources */ = {isa = PBXBuildFile; fileRef = BA0000132B000002001BA000 /* WiFiManager.swift */; };
		BA0000162B000002001BA000 /* DesignSystem.swift in Sources */ = {isa = PBXBuildFile; fileRef = BA0000152B000002001BA000 /* DesignSystem.swift */; };
		BA0000182B000002001BA000 /* HomeView.swift in Sources */ = {isa = PBXBuildFile; fileRef = BA0000172B000002001BA000 /* HomeView.swift */; };
/* End PBXBuildFile section */

/* Begin PBXFileReference section */
		BA0000002B000001001BA000 /* BambuAgentApp.swift */ = {isa = PBXFileReference; lastKnownFileType = sourcecode.swift; path = BambuAgentApp.swift; sourceTree = "<group>"; };
		BA000000F2B000002001BA000 /* APIService.swift */ = {isa = PBXFileReference; lastKnownFileType = sourcecode.swift; path = APIService.swift; sourceTree = "<group>"; };
		BA000001B2B000002001BA000 /* SettingsView.swift */ = {isa = PBXFileReference; lastKnownFileType = sourcecode.swift; path = SettingsView.swift; sourceTree = "<group>"; };
		BA000001D2B000002001BA000 /* PrintJobModel.swift */ = {isa = PBXFileReference; lastKnownFileType = sourcecode.swift; path = PrintJobModel.swift; sourceTree = "<group>"; };
		BA000001F2B000002001BA000 /* Info.plist */ = {isa = PBXFileReference; lastKnownFileType = text.plist.xml; path = Info.plist; sourceTree = "<group>"; };
		BA0000022B000001001BA000 /* ContentView.swift */ = {isa = PBXFileReference; lastKnownFileType = sourcecode.swift; path = ContentView.swift; sourceTree = "<group>"; };
		BA0000042B000001001BA000 /* Assets.xcassets */ = {isa = PBXFileReference; lastKnownFileType = folder.assetcatalog; path = Assets.xcassets; sourceTree = "<group>"; };
		BA0000072B000001001BA000 /* Preview Assets.xcassets */ = {isa = PBXFileReference; lastKnownFileType = folder.assetcatalog; path = "Preview Assets.xcassets"; sourceTree = "<group>"; };
		BA0000112B000002001BA000 /* PrinterManager.swift */ = {isa = PBXFileReference; lastKnownFileType = sourcecode.swift; path = PrinterManager.swift; sourceTree = "<group>"; };
		BA0000132B000002001BA000 /* WiFiManager.swift */ = {isa = PBXFileReference; lastKnownFileType = sourcecode.swift; path = WiFiManager.swift; sourceTree = "<group>"; };
		BA0000152B000002001BA000 /* DesignSystem.swift */ = {isa = PBXFileReference; lastKnownFileType = sourcecode.swift; path = DesignSystem.swift; sourceTree = "<group>"; };
		BA0000172B000002001BA000 /* HomeView.swift */ = {isa = PBXFileReference; lastKnownFileType = sourcecode.swift; path = HomeView.swift; sourceTree = "<group>"; };
		BA0000192B000002001BA000 /* PrinterStatusView.swift */ = {isa = PBXFileReference; lastKnownFileType = sourcecode.swift; path = PrinterStatusView.swift; sourceTree = "<group>"; };
		BA0000FD2AFFFFFF001BA000 /* BambuAgent.app */ = {isa = PBXFileReference; explicitFileType = wrapper.application; includeInIndex = 0; path = BambuAgent.app; sourceTree = BUILT_PRODUCTS_DIR; };
/* End PBXFileReference section */

/* Begin PBXFrameworksBuildPhase section */
		BA0000FA2AFFFFFF001BA000 /* Frameworks */ = {
			isa = PBXFrameworksBuildPhase;
			buildActionMask = 2147483647;
			files = (
			);
			runOnlyForDeploymentPostprocessing = 0;
		};
/* End PBXFrameworksBuildPhase section */

/* Begin PBXGroup section */
		BA0000062B000001001BA000 /* Preview Content */ = {
			isa = PBXGroup;
			children = (
				BA0000072B000001001BA000 /* Preview Assets.xcassets */,
			);
			path = "Preview Content";
			sourceTree = "<group>";
		};
		BA0000202B000003001BA000 /* Views */ = {
			isa = PBXGroup;
			children = (
				BA0000172B000002001BA000 /* HomeView.swift */,
				BA0000192B000002001BA000 /* PrinterStatusView.swift */,
				BA000001B2B000002001BA000 /* SettingsView.swift */,
			);
			path = Views;
			sourceTree = "<group>";
		};
		BA0000212B000003001BA000 /* Services */ = {
			isa = PBXGroup;
			children = (
				BA000000F2B000002001BA000 /* APIService.swift */,
				BA0000112B000002001BA000 /* PrinterManager.swift */,
				BA0000132B000002001BA000 /* WiFiManager.swift */,
			);
			path = Services;
			sourceTree = "<group>";
		};
		BA0000222B000003001BA000 /* Models */ = {
			isa = PBXGroup;
			children = (
				BA000001D2B000002001BA000 /* PrintJobModel.swift */,
			);
			path = Models;
			sourceTree = "<group>";
		};
		BA0000232B000003001BA000 /* DesignSystem */ = {
			isa = PBXGroup;
			children = (
				BA0000152B000002001BA000 /* DesignSystem.swift */,
			);
			path = DesignSystem;
			sourceTree = "<group>";
		};
		BA0000F42AFFFFFF001BA000 = {
			isa = PBXGroup;
			children = (
				BA0000FF2AFFFFFF001BA000 /* BambuAgent */,
				BA0000FE2AFFFFFF001BA000 /* Products */,
			);
			sourceTree = "<group>";
		};
		BA0000FE2AFFFFFF001BA000 /* Products */ = {
			isa = PBXGroup;
			children = (
				BA0000FD2AFFFFFF001BA000 /* BambuAgent.app */,
			);
			name = Products;
			sourceTree = "<group>";
		};
		BA0000FF2AFFFFFF001BA000 /* BambuAgent */ = {
			isa = PBXGroup;
			children = (
				BA000001F2B000002001BA000 /* Info.plist */,
				BA0000002B000001001BA000 /* BambuAgentApp.swift */,
				BA0000022B000001001BA000 /* ContentView.swift */,
				BA0000202B000003001BA000 /* Views */,
				BA0000212B000003001BA000 /* Services */,
				BA0000222B000003001BA000 /* Models */,
				BA0000232B000003001BA000 /* DesignSystem */,
				BA0000042B000001001BA000 /* Assets.xcassets */,
				BA0000062B000001001BA000 /* Preview Content */,
			);
			path = BambuAgent;
			sourceTree = "<group>";
		};
/* End PBXGroup section */

/* Begin PBXNativeTarget section */
		BA0000FC2AFFFFFF001BA000 /* BambuAgent */ = {
			isa = PBXNativeTarget;
			buildConfigurationList = BA000010B2B000001001BA000 /* Build configuration list for PBXNativeTarget "BambuAgent" */;
			buildPhases = (
				BA0000F92AFFFFFF001BA000 /* Sources */,
				BA0000FA2AFFFFFF001BA000 /* Frameworks */,
				BA0000FB2AFFFFFF001BA000 /* Resources */,
			);
			buildRules = (
			);
			dependencies = (
			);
			name = BambuAgent;
			productName = BambuAgent;
			productReference = BA0000FD2AFFFFFF001BA000 /* BambuAgent.app */;
			productType = "com.apple.product-type.application";
		};
/* End PBXNativeTarget section */

/* Begin PBXProject section */
		BA0000F52AFFFFFF001BA000 /* Project object */ = {
			isa = PBXProject;
			attributes = {
				BuildIndependentTargetsInParallel = 1;
				LastSwiftUpdateCheck = 1500;
				LastUpgradeCheck = 1500;
				TargetAttributes = {
					BA0000FC2AFFFFFF001BA000 = {
						CreatedOnToolsVersion = 15.0;
					};
				};
			};
			buildConfigurationList = BA0000F82AFFFFFF001BA000 /* Build configuration list for PBXProject "BambuAgent" */;
			compatibilityVersion = "Xcode 14.0";
			developmentRegion = en;
			hasScannedForEncodings = 0;
			knownRegions = (
				en,
				Base,
			);
			mainGroup = BA0000F42AFFFFFF001BA000;
			productRefGroup = BA0000FE2AFFFFFF001BA000 /* Products */;
			projectDirPath = "";
			projectRoot = "";
			targets = (
				BA0000FC2AFFFFFF001BA000 /* BambuAgent */,
			);
		};
/* End PBXProject section */

/* Begin PBXResourcesBuildPhase section */
		BA0000FB2AFFFFFF001BA000 /* Resources */ = {
			isa = PBXResourcesBuildPhase;
			buildActionMask = 2147483647;
			files = (
				BA0000082B000001001BA000 /* Preview Assets.xcassets in Resources */,
				BA0000052B000001001BA000 /* Assets.xcassets in Resources */,
			);
			runOnlyForDeploymentPostprocessing = 0;
		};
/* End PBXResourcesBuildPhase section */

/* Begin PBXSourcesBuildPhase section */
		BA0000F92AFFFFFF001BA000 /* Sources */ = {
			isa = PBXSourcesBuildPhase;
			buildActionMask = 2147483647;
			files = (
				BA0000032B000001001BA000 /* ContentView.swift in Sources */,
				BA0000182B000002001BA000 /* HomeView.swift in Sources */,
				BA000001A2B000002001BA000 /* PrinterStatusView.swift in Sources */,
				BA000001C2B000002001BA000 /* SettingsView.swift in Sources */,
				BA0000102B000002001BA000 /* APIService.swift in Sources */,
				BA0000122B000002001BA000 /* PrinterManager.swift in Sources */,
				BA0000142B000002001BA000 /* WiFiManager.swift in Sources */,
				BA0000162B000002001BA000 /* DesignSystem.swift in Sources */,
				BA000001E2B000002001BA000 /* PrintJobModel.swift in Sources */,
				BA0000012B000001001BA000 /* BambuAgentApp.swift in Sources */,
			);
			runOnlyForDeploymentPostprocessing = 0;
		};
/* End PBXSourcesBuildPhase section */

/* Begin XCBuildConfiguration section */
		BA000010A2B000001001BA000 /* Release */ = {
			isa = XCBuildConfiguration;
			buildSettings = {
				ALWAYS_SEARCH_USER_PATHS = NO;
				ASSETCATALOG_COMPILER_GENERATE_SWIFT_ASSET_SYMBOL_EXTENSIONS = YES;
				CLANG_ANALYZER_NONNULL = YES;
				CLANG_ANALYZER_NUMBER_OBJECT_CONVERSION = YES_AGGRESSIVE;
				CLANG_CXX_LANGUAGE_STANDARD = "gnu++20";
				CLANG_ENABLE_MODULES = YES;
				CLANG_ENABLE_OBJC_ARC = YES;
				CLANG_ENABLE_OBJC_WEAK = YES;
				CLANG_WARN_BLOCK_CAPTURE_AUTORELEASING = YES;
				CLANG_WARN_BOOL_CONVERSION = YES;
				CLANG_WARN_COMMA = YES;
				CLANG_WARN_CONSTANT_CONVERSION = YES;
				CLANG_WARN_DEPRECATED_OBJC_IMPLEMENTATIONS = YES;
				CLANG_WARN_DIRECT_OBJC_ISA_USAGE = YES_ERROR;
				CLANG_WARN_DOCUMENTATION_COMMENTS = YES;
				CLANG_WARN_EMPTY_BODY = YES;
				CLANG_WARN_ENUM_CONVERSION = YES;
				CLANG_WARN_INFINITE_RECURSION = YES;
				CLANG_WARN_INT_CONVERSION = YES;
				CLANG_WARN_NON_LITERAL_NULL_CONVERSION = YES;
				CLANG_WARN_OBJC_IMPLICIT_RETAIN_SELF = YES;
				CLANG_WARN_OBJC_LITERAL_CONVERSION = YES;
				CLANG_WARN_OBJC_ROOT_CLASS = YES_ERROR;
				CLANG_WARN_QUOTED_INCLUDE_IN_FRAMEWORK_HEADER = YES;
				CLANG_WARN_RANGE_LOOP_ANALYSIS = YES;
				CLANG_WARN_STRICT_PROTOTYPES = YES;
				CLANG_WARN_SUSPICIOUS_MOVE = YES;
				CLANG_WARN_UNGUARDED_AVAILABILITY = YES_AGGRESSIVE;
				CLANG_WARN_UNREACHABLE_CODE = YES;
				CLANG_WARN__DUPLICATE_METHOD_MATCH = YES;
				COPY_PHASE_STRIP = NO;
				DEBUG_INFORMATION_FORMAT = "dwarf-with-dsym";
				ENABLE_NS_ASSERTIONS = NO;
				ENABLE_STRICT_OBJC_MSGSEND = YES;
				ENABLE_USER_SCRIPT_SANDBOXING = YES;
				GCC_C_LANGUAGE_STANDARD = gnu17;
				GCC_NO_COMMON_BLOCKS = YES;
				GCC_WARN_64_TO_32_BIT_CONVERSION = YES;
				GCC_WARN_ABOUT_RETURN_TYPE = YES_ERROR;
				GCC_WARN_UNDECLARED_SELECTOR = YES;
				GCC_WARN_UNINITIALIZED_AUTOS = YES_AGGRESSIVE;
				GCC_WARN_UNUSED_FUNCTION = YES;
				GCC_WARN_UNUSED_VARIABLE = YES;
				IPHONEOS_DEPLOYMENT_TARGET = 17.0;
				LOCALIZATION_PREFERS_STRING_CATALOGS = YES;
				MTL_ENABLE_DEBUG_INFO = NO;
				MTL_FAST_MATH = YES;
				SDKROOT = iphoneos;
				SWIFT_COMPILATION_MODE = wholemodule;
				VALIDATE_PRODUCT = YES;
			};
			name = Release;
		};
		BA000010C2B000001001BA000 /* Debug */ = {
			isa = XCBuildConfiguration;
			buildSettings = {
				ASSETCATALOG_COMPILER_APPICON_NAME = AppIcon;
				ASSETCATALOG_COMPILER_GLOBAL_ACCENT_COLOR_NAME = AccentColor;
				CODE_SIGN_STYLE = Automatic;
				CURRENT_PROJECT_VERSION = 1;
				DEVELOPMENT_ASSET_PATHS = "\"BambuAgent/Preview Content\"";
				DEVELOPMENT_TEAM = AWLLM3Q8GW;
				ENABLE_PREVIEWS = YES;
				GENERATE_INFOPLIST_FILE = NO;
				INFOPLIST_FILE = BambuAgent/Info.plist;
				INFOPLIST_KEY_NSLocalNetworkUsageDescription = "BambuAgent needs to discover and connect to your Bambu printer on the local network.";
				INFOPLIST_KEY_UIApplicationSceneManifest_Generation = YES;
				INFOPLIST_KEY_UIApplicationSupportsIndirectInputEvents = YES;
				INFOPLIST_KEY_UILaunchScreen_Generation = YES;
				INFOPLIST_KEY_UISupportedInterfaceOrientations_iPad = "UIInterfaceOrientationPortrait UIInterfaceOrientationPortraitUpsideDown UIInterfaceOrientationLandscapeLeft UIInterfaceOrientationLandscapeRight";
				INFOPLIST_KEY_UISupportedInterfaceOrientations_iPhone = "UIInterfaceOrientationPortrait UIInterfaceOrientationLandscapeLeft UIInterfaceOrientationLandscapeRight";
				IPHONEOS_DEPLOYMENT_TARGET = 17.0;
				LD_RUNPATH_SEARCH_PATHS = (
					"$(inherited)",
					"@executable_path/Frameworks",
				);
				MARKETING_VERSION = 1.0;
				PRODUCT_BUNDLE_IDENTIFIER = com.bambuagent.app;
				PRODUCT_NAME = "$(TARGET_NAME)";
				SWIFT_EMIT_LOC_STRINGS = YES;
				SWIFT_VERSION = 5.0;
				TARGETED_DEVICE_FAMILY = "1,2";
			};
			name = Debug;
		};
		BA000010D2B000001001BA000 /* Release */ = {
			isa = XCBuildConfiguration;
			buildSettings = {
				ASSETCATALOG_COMPILER_APPICON_NAME = AppIcon;
				ASSETCATALOG_COMPILER_GLOBAL_ACCENT_COLOR_NAME = AccentColor;
				CODE_SIGN_STYLE = Automatic;
				CURRENT_PROJECT_VERSION = 1;
				DEVELOPMENT_ASSET_PATHS = "\"BambuAgent/Preview Content\"";
				DEVELOPMENT_TEAM = AWLLM3Q8GW;
				ENABLE_PREVIEWS = YES;
				GENERATE_INFOPLIST_FILE = NO;
				INFOPLIST_FILE = BambuAgent/Info.plist;
				INFOPLIST_KEY_NSLocalNetworkUsageDescription = "BambuAgent needs to discover and connect to your Bambu printer on the local network.";
				INFOPLIST_KEY_UIApplicationSceneManifest_Generation = YES;
				INFOPLIST_KEY_UIApplicationSupportsIndirectInputEvents = YES;
				INFOPLIST_KEY_UILaunchScreen_Generation = YES;
				INFOPLIST_KEY_UISupportedInterfaceOrientations_iPad = "UIInterfaceOrientationPortrait UIInterfaceOrientationPortraitUpsideDown UIInterfaceOrientationLandscapeLeft UIInterfaceOrientationLandscapeRight";
				INFOPLIST_KEY_UISupportedInterfaceOrientations_iPhone = "UIInterfaceOrientationPortrait UIInterfaceOrientationLandscapeLeft UIInterfaceOrientationLandscapeRight";
				IPHONEOS_DEPLOYMENT_TARGET = 17.0;
				LD_RUNPATH_SEARCH_PATHS = (
					"$(inherited)",
					"@executable_path/Frameworks",
				);
				MARKETING_VERSION = 1.0;
				PRODUCT_BUNDLE_IDENTIFIER = com.bambuagent.app;
				PRODUCT_NAME = "$(TARGET_NAME)";
				SWIFT_EMIT_LOC_STRINGS = YES;
				SWIFT_VERSION = 5.0;
				TARGETED_DEVICE_FAMILY = "1,2";
			};
			name = Release;
		};
		BA0001092B000001001BA000 /* Debug */ = {
			isa = XCBuildConfiguration;
			buildSettings = {
				ALWAYS_SEARCH_USER_PATHS = NO;
				ASSETCATALOG_COMPILER_GENERATE_SWIFT_ASSET_SYMBOL_EXTENSIONS = YES;
				CLANG_ANALYZER_NONNULL = YES;
				CLANG_ANALYZER_NUMBER_OBJECT_CONVERSION = YES_AGGRESSIVE;
				CLANG_CXX_LANGUAGE_STANDARD = "gnu++20";
				CLANG_ENABLE_MODULES = YES;
				CLANG_ENABLE_OBJC_ARC = YES;
				CLANG_ENABLE_OBJC_WEAK = YES;
				CLANG_WARN_BLOCK_CAPTURE_AUTORELEASING = YES;
				CLANG_WARN_BOOL_CONVERSION = YES;
				CLANG_WARN_COMMA = YES;
				CLANG_WARN_CONSTANT_CONVERSION = YES;
				CLANG_WARN_DEPRECATED_OBJC_IMPLEMENTATIONS = YES;
				CLANG_WARN_DIRECT_OBJC_ISA_USAGE = YES_ERROR;
				CLANG_WARN_DOCUMENTATION_COMMENTS = YES;
				CLANG_WARN_EMPTY_BODY = YES;
				CLANG_WARN_ENUM_CONVERSION = YES;
				CLANG_WARN_INFINITE_RECURSION = YES;
				CLANG_WARN_INT_CONVERSION = YES;
				CLANG_WARN_NON_LITERAL_NULL_CONVERSION = YES;
				CLANG_WARN_OBJC_IMPLICIT_RETAIN_SELF = YES;
				CLANG_WARN_OBJC_LITERAL_CONVERSION = YES;
				CLANG_WARN_OBJC_ROOT_CLASS = YES_ERROR;
				CLANG_WARN_QUOTED_INCLUDE_IN_FRAMEWORK_HEADER = YES;
				CLANG_WARN_RANGE_LOOP_ANALYSIS = YES;
				CLANG_WARN_STRICT_PROTOTYPES = YES;
				CLANG_WARN_SUSPICIOUS_MOVE = YES;
				CLANG_WARN_UNGUARDED_AVAILABILITY = YES_AGGRESSIVE;
				CLANG_WARN_UNREACHABLE_CODE = YES;
				CLANG_WARN__DUPLICATE_METHOD_MATCH = YES;
				COPY_PHASE_STRIP = NO;
				DEBUG_INFORMATION_FORMAT = dwarf;
				ENABLE_STRICT_OBJC_MSGSEND = YES;
				ENABLE_TESTABILITY = YES;
				ENABLE_USER_SCRIPT_SANDBOXING = YES;
				GCC_C_LANGUAGE_STANDARD = gnu17;
				GCC_DYNAMIC_NO_PIC = NO;
				GCC_NO_COMMON_BLOCKS = YES;
				GCC_OPTIMIZATION_LEVEL = 0;
				GCC_PREPROCESSOR_DEFINITIONS = (
					"DEBUG=1",
					"$(inherited)",
				);
				GCC_WARN_64_TO_32_BIT_CONVERSION = YES;
				GCC_WARN_ABOUT_RETURN_TYPE = YES_ERROR;
				GCC_WARN_UNDECLARED_SELECTOR = YES;
				GCC_WARN_UNINITIALIZED_AUTOS = YES_AGGRESSIVE;
				GCC_WARN_UNUSED_FUNCTION = YES;
				GCC_WARN_UNUSED_VARIABLE = YES;
				IPHONEOS_DEPLOYMENT_TARGET = 17.0;
				LOCALIZATION_PREFERS_STRING_CATALOGS = YES;
				MTL_ENABLE_DEBUG_INFO = INCLUDE_SOURCE;
				MTL_FAST_MATH = YES;
				ONLY_ACTIVE_ARCH = YES;
				SDKROOT = iphoneos;
				SWIFT_ACTIVE_COMPILATION_CONDITIONS = "DEBUG $(inherited)";
				SWIFT_OPTIMIZATION_LEVEL = "-Onone";
			};
			name = Debug;
		};
/* End XCBuildConfiguration section */

/* Begin XCConfigurationList section */
		BA000010B2B000001001BA000 /* Build configuration list for PBXNativeTarget "BambuAgent" */ = {
			isa = XCConfigurationList;
			buildConfigurations = (
				BA000010C2B000001001BA000 /* Debug */,
				BA000010D2B000001001BA000 /* Release */,
			);
			defaultConfigurationIsVisible = 0;
			defaultConfigurationName = Release;
		};
		BA0000F82AFFFFFF001BA000 /* Build configuration list for PBXProject "BambuAgent" */ = {
			isa = XCConfigurationList;
			buildConfigurations = (
				BA0001092B000001001BA000 /* Debug */,
				BA000010A2B000001001BA000 /* Release */,
			);
			defaultConfigurationIsVisible = 0;
			defaultConfigurationName = Release;
		};
/* End XCConfigurationList section */
	};
	rootObject = BA0000F52AFFFFFF001BA000 /* Project object */;
}
